
Microsoft Visual Studio Solution File, Format Version 12.00
# Visual Studio Version 16
VisualStudioVersion = 16.0.29519.181
MinimumVisualStudioVersion = 10.0.40219.1
Project("{FAE04EC0-301F-11D3-BF4B-00C04F79EFBC}") = "zad", "zad\zad.csproj", "{871B51CE-40C7-4127-9E48-488E8E651C50}"
EndProject
Global
	GlobalSection(SolutionConfigurationPlatforms) = preSolution
		Debug|Any CPU = Debug|Any CPU
		Release|Any CPU = Release|Any CPU
	EndGlobalSection
	GlobalSection(ProjectConfigurationPlatforms) = postSolution
		{871B51CE-40C7-4127-9E48-488E8E651C50}.Debug|Any CPU.ActiveCfg = Debug|Any CPU
		{871B51CE-40C7-4127-9E48-488E8E651C50}.Debug|Any CPU.Build.0 = Debug|Any CPU
		{871B51CE-40C7-4127-9E48-488E8E651C50}.Release|Any CPU.ActiveCfg = Release|Any CPU
		{871B51CE-40C7-4127-9E48-488E8E651C50}.Release|Any CPU.Build.0 = Release|Any CPU
	EndGlobalSection
	GlobalSection(SolutionProperties) = preSolution
		HideSolutionNode = FALSE
	EndGlobalSection
	GlobalSection(ExtensibilityGlobals) = postSolution
		SolutionGuid = {C0F975F5-E4F7-4024-A1B5-D535397D3CC5}
	EndGlobalSection
EndGlobal
